Microsoft Visual Studio Solution File, Format Version 12.00
# Visual Studio Version 16
VisualStudioVersion = 16.0.31005.135
MinimumVisualStudioVersion = 10.0.40219.1
Project("{9A19103F-16F7-4668-BE54-9A1E7A4F7556}") = "LINQSamples", "LINQSamples\LINQSamples.csproj", "{F20FA3DC-6600-4E18-9C24-E55F61880AC7}"
EndProject
Project("{9A19103F-16F7-4668-BE54-9A1E7A4F7556}") = "Linq5practice", "Linq5practice\Linq5practice.csproj", "{4FBD49A5-1688-4A1C-96D0-098B94D42318}"
EndProject
Project("{FAE04EC0-301F-11D3-BF4B-00C04F79EFBC}") = "Quantifier", "Quantifier\Quantifier.csproj", "{3247C955-2BA8-42B3-936F-91D3B8A26374}"
EndProject
Project("{FAE04EC0-301F-11D3-BF4B-00C04F79EFBC}") = "SET_OPERATION", "SET_OPERATION\SET_OPERATION.csproj", "{57DBA5D7-E45B-470C-8FAC-568BB3A40B95}"
EndProject
Global
	GlobalSection(SolutionConfigurationPlatforms) = preSolution
		Debug|Any CPU = Debug|Any CPU
		Release|Any CPU = Release|Any CPU
	EndGlobalSection
	GlobalSection(ProjectConfigurationPlatforms) = postSolution
		{F20FA3DC-6600-4E18-9C24-E55F61880AC7}.Debug|Any CPU.ActiveCfg = Debug|Any CPU
		{F20FA3DC-6600-4E18-9C24-E55F61880AC7}.Debug|Any CPU.Build.0 = Debug|Any CPU
		{F20FA3DC-6600-4E18-9C24-E55F61880AC7}.Release|Any CPU.ActiveCfg = Release|Any CPU
		{F20FA3DC-6600-4E18-9C24-E55F61880AC7}.Release|Any CPU.Build.0 = Release|Any CPU
		{4FBD49A5-1688-4A1C-96D0-098B94D42318}.Debug|Any CPU.ActiveCfg = Debug|Any CPU
		{4FBD49A5-1688-4A1C-96D0-098B94D42318}.Debug|Any CPU.Build.0 = Debug|Any CPU
		{4FBD49A5-1688-4A1C-96D0-098B94D42318}.Release|Any CPU.ActiveCfg = Release|Any CPU
		{4FBD49A5-1688-4A1C-96D0-098B94D42318}.Release|Any CPU.Build.0 = Release|Any CPU
		{3247C955-2BA8-42B3-936F-91D3B8A26374}.Debug|Any CPU.ActiveCfg = Debug|Any CPU
		{3247C955-2BA8-42B3-936F-91D3B8A26374}.Debug|Any CPU.Build.0 = Debug|Any CPU
		{3247C955-2BA8-42B3-936F-91D3B8A26374}.Release|Any CPU.ActiveCfg = Release|Any CPU
		{3247C955-2BA8-42B3-936F-91D3B8A26374}.Release|Any CPU.Build.0 = Release|Any CPU
		{57DBA5D7-E45B-470C-8FAC-568BB3A40B95}.Debug|Any CPU.ActiveCfg = Debug|Any CPU
		{57DBA5D7-E45B-470C-8FAC-568BB3A40B95}.Debug|Any CPU.Build.0 = Debug|Any CPU
		{57DBA5D7-E45B-470C-8FAC-568BB3A40B95}.Release|Any CPU.ActiveCfg = Release|Any CPU
		{57DBA5D7-E45B-470C-8FAC-568BB3A40B95}.Release|Any CPU.Build.0 = Release|Any CPU
	EndGlobalSection
	GlobalSection(SolutionProperties) = preSolution
		HideSolutionNode = FALSE
	EndGlobalSection
	GlobalSection(ExtensibilityGlobals) = postSolution
		SolutionGuid = {AAD5A82E-2D07-47D5-93D7-B06500084724}
	EndGlobalSection
EndGlobal
